
Microsoft Visual Studio Solution File, Format Version 12.00
# Visual Studio 2017
Project("{FAE04EC0-301F-11D3-BF4B-00C04F79EFBC}") = "LaQueteDeTrop", "LaQueteDeTrop.csproj", "{F2B1B504-E878-E95C-2B5C-361F1D73FB16}"
EndProject
Global
	GlobalSection(SolutionConfigurationPlatforms) = preSolution
		Debug|Any CPU = Debug|Any CPU
		Release|Any CPU = Release|Any CPU
	EndGlobalSection
	GlobalSection(ProjectConfigurationPlatforms) = postSolution
		{F2B1B504-E878-E95C-2B5C-361F1D73FB16}.Debug|Any CPU.ActiveCfg = Debug|Any CPU
		{F2B1B504-E878-E95C-2B5C-361F1D73FB16}.Debug|Any CPU.Build.0 = Debug|Any CPU
		{F2B1B504-E878-E95C-2B5C-361F1D73FB16}.Release|Any CPU.ActiveCfg = Release|Any CPU
		{F2B1B504-E878-E95C-2B5C-361F1D73FB16}.Release|Any CPU.Build.0 = Release|Any CPU
	EndGlobalSection
	GlobalSection(SolutionProperties) = preSolution
		HideSolutionNode = FALSE
	EndGlobalSection
EndGlobal
